// !$*UTF8*$!
{
	archiveVersion = 1;
	classes = {
	};
	objectVersion = 56;
	objects = {

/* Begin PBXBuildFile section */
		6D4FDA75EB9F065BF9F2C477 /* Pods_LegalEagle.framework in Frameworks */ = {isa = PBXBuildFile; fileRef = 93F5D875BA220EDAB5C5B16E /* Pods_LegalEagle.framework */; };
		A566F9ED2B1C5942003754A1 /* NetworkModel.swift in Sources */ = {isa = PBXBuildFile; fileRef = A566F9EC2B1C5942003754A1 /* NetworkModel.swift */; };
		A566F9FD2B1C5CBF003754A1 /* TextGenerationOutput.swift in Sources */ = {isa = PBXBuildFile; fileRef = A566F9FC2B1C5CBF003754A1 /* TextGenerationOutput.swift */; };
		EE1A70692B0B43E30086408A /* HomeViewController.swift in Sources */ = {isa = PBXBuildFile; fileRef = EE1A70682B0B43E30086408A /* HomeViewController.swift */; };
		EE1A706D2B0B441E0086408A /* UIView+.swift in Sources */ = {isa = PBXBuildFile; fileRef = EE1A706C2B0B441E0086408A /* UIView+.swift */; };
		EE1A706F2B0B44520086408A /* UIColor+.swift in Sources */ = {isa = PBXBuildFile; fileRef = EE1A706E2B0B44520086408A /* UIColor+.swift */; };
		EE8D8AB72B1C61C200394931 /* LegalEagle-LaunchScreen-Background.png in Resources */ = {isa = PBXBuildFile; fileRef = EE8D8AB62B1C61C200394931 /* LegalEagle-LaunchScreen-Background.png */; };
		EE8D8ABF2B1C62BC00394931 /* LegalEagle-LaunchScreen-Logo.png in Resources */ = {isa = PBXBuildFile; fileRef = EE8D8ABD2B1C62BC00394931 /* LegalEagle-LaunchScreen-Logo.png */; };
		EEB1A3792B104B49007EFD17 /* Pretendard-Bold.otf in Resources */ = {isa = PBXBuildFile; fileRef = EEB1A3772B104B49007EFD17 /* Pretendard-Bold.otf */; };
		EEB1A37A2B104B49007EFD17 /* Pretendard-Regular.otf in Resources */ = {isa = PBXBuildFile; fileRef = EEB1A3782B104B49007EFD17 /* Pretendard-Regular.otf */; };
		EEB1A37C2B104B66007EFD17 /* UIFont+.swift in Sources */ = {isa = PBXBuildFile; fileRef = EEB1A37B2B104B66007EFD17 /* UIFont+.swift */; };
		EEB1A37E2B104BB2007EFD17 /* Pretendard-SemiBold.otf in Resources */ = {isa = PBXBuildFile; fileRef = EEB1A37D2B104BB2007EFD17 /* Pretendard-SemiBold.otf */; };
		EEB1A3862B104E8F007EFD17 /* LegalEagleImageCollection.swift in Sources */ = {isa = PBXBuildFile; fileRef = EEB1A3852B104E8E007EFD17 /* LegalEagleImageCollection.swift */; };
		EEC25C9C2B0B42200038DBBB /* AppDelegate.swift in Sources */ = {isa = PBXBuildFile; fileRef = EEC25C9B2B0B42200038DBBB /* AppDelegate.swift */; };
		EEC25C9E2B0B42200038DBBB /* SceneDelegate.swift in Sources */ = {isa = PBXBuildFile; fileRef = EEC25C9D2B0B42200038DBBB /* SceneDelegate.swift */; };
		EEC25CA52B0B42210038DBBB /* Assets.xcassets in Resources */ = {isa = PBXBuildFile; fileRef = EEC25CA42B0B42210038DBBB /* Assets.xcassets */; };
		EEC25CA82B0B42210038DBBB /* LaunchScreen.storyboard in Resources */ = {isa = PBXBuildFile; fileRef = EEC25CA62B0B42210038DBBB /* LaunchScreen.storyboard */; };
/* End PBXBuildFile section */

/* Begin PBXFileReference section */
		5A93B1FD627F055F2077BBB3 /* Pods-LegalEagle.release.xcconfig */ = {isa = PBXFileReference; includeInIndex = 1; lastKnownFileType = text.xcconfig; name = "Pods-LegalEagle.release.xcconfig"; path = "Target Support Files/Pods-LegalEagle/Pods-LegalEagle.release.xcconfig"; sourceTree = "<group>"; };
		93F5D875BA220EDAB5C5B16E /* Pods_LegalEagle.framework */ = {isa = PBXFileReference; explicitFileType = wrapper.framework; includeInIndex = 0; path = Pods_LegalEagle.framework; sourceTree = BUILT_PRODUCTS_DIR; };
		A566F9EC2B1C5942003754A1 /* NetworkModel.swift */ = {isa = PBXFileReference; lastKnownFileType = sourcecode.swift; path = NetworkModel.swift; sourceTree = SOURCE_ROOT; };
		A566F9FC2B1C5CBF003754A1 /* TextGenerationOutput.swift */ = {isa = PBXFileReference; lastKnownFileType = sourcecode.swift; path = TextGenerationOutput.swift; sourceTree = "<group>"; };
		EAE6993E6F407BFBE150CEBB /* Pods-LegalEagle.debug.xcconfig */ = {isa = PBXFileReference; includeInIndex = 1; lastKnownFileType = text.xcconfig; name = "Pods-LegalEagle.debug.xcconfig"; path = "Target Support Files/Pods-LegalEagle/Pods-LegalEagle.debug.xcconfig"; sourceTree = "<group>"; };
		EE1A70682B0B43E30086408A /* HomeViewController.swift */ = {isa = PBXFileReference; lastKnownFileType = sourcecode.swift; path = HomeViewController.swift; sourceTree = "<group>"; };
		EE1A706C2B0B441E0086408A /* UIView+.swift */ = {isa = PBXFileReference; lastKnownFileType = sourcecode.swift; path = "UIView+.swift"; sourceTree = "<group>"; };
		EE1A706E2B0B44520086408A /* UIColor+.swift */ = {isa = PBXFileReference; lastKnownFileType = sourcecode.swift; path = "UIColor+.swift"; sourceTree = "<group>"; };
		EE8D8AB62B1C61C200394931 /* LegalEagle-LaunchScreen-Background.png */ = {isa = PBXFileReference; lastKnownFileType = image.png; path = "LegalEagle-LaunchScreen-Background.png"; sourceTree = "<group>"; };
		EE8D8ABD2B1C62BC00394931 /* LegalEagle-LaunchScreen-Logo.png */ = {isa = PBXFileReference; lastKnownFileType = image.png; path = "LegalEagle-LaunchScreen-Logo.png"; sourceTree = "<group>"; };
		EEB1A3772B104B49007EFD17 /* Pretendard-Bold.otf */ = {isa = PBXFileReference; lastKnownFileType = file; path = "Pretendard-Bold.otf"; sourceTree = "<group>"; };
		EEB1A3782B104B49007EFD17 /* Pretendard-Regular.otf */ = {isa = PBXFileReference; lastKnownFileType = file; path = "Pretendard-Regular.otf"; sourceTree = "<group>"; };
		EEB1A37B2B104B66007EFD17 /* UIFont+.swift */ = {isa = PBXFileReference; lastKnownFileType = sourcecode.swift; path = "UIFont+.swift"; sourceTree = "<group>"; };
		EEB1A37D2B104BB2007EFD17 /* Pretendard-SemiBold.otf */ = {isa = PBXFileReference; lastKnownFileType = file; path = "Pretendard-SemiBold.otf"; sourceTree = "<group>"; };
		EEB1A3852B104E8E007EFD17 /* LegalEagleImageCollection.swift */ = {isa = PBXFileReference; lastKnownFileType = sourcecode.swift; path = LegalEagleImageCollection.swift; sourceTree = "<group>"; };
		EEC25C982B0B42200038DBBB /* LegalEagle.app */ = {isa = PBXFileReference; explicitFileType = wrapper.application; includeInIndex = 0; path = LegalEagle.app; sourceTree = BUILT_PRODUCTS_DIR; };
		EEC25C9B2B0B42200038DBBB /* AppDelegate.swift */ = {isa = PBXFileReference; lastKnownFileType = sourcecode.swift; path = AppDelegate.swift; sourceTree = "<group>"; };
		EEC25C9D2B0B42200038DBBB /* SceneDelegate.swift */ = {isa = PBXFileReference; lastKnownFileType = sourcecode.swift; path = SceneDelegate.swift; sourceTree = "<group>"; };
		EEC25CA42B0B42210038DBBB /* Assets.xcassets */ = {isa = PBXFileReference; lastKnownFileType = folder.assetcatalog; path = Assets.xcassets; sourceTree = "<group>"; };
		EEC25CA72B0B42210038DBBB /* Base */ = {isa = PBXFileReference; lastKnownFileType = file.storyboard; name = Base; path = Base.lproj/LaunchScreen.storyboard; sourceTree = "<group>"; };
		EEC25CA92B0B42210038DBBB /* Info.plist */ = {isa = PBXFileReference; lastKnownFileType = text.plist.xml; path = Info.plist; sourceTree = "<group>"; };
/* End PBXFileReference section */

/* Begin PBXFrameworksBuildPhase section */
		EEC25C952B0B42200038DBBB /* Frameworks */ = {
			isa = PBXFrameworksBuildPhase;
			buildActionMask = 2147483647;
			files = (
				6D4FDA75EB9F065BF9F2C477 /* Pods_LegalEagle.framework in Frameworks */,
			);
			runOnlyForDeploymentPostprocessing = 0;
		};
/* End PBXFrameworksBuildPhase section */

/* Begin PBXGroup section */
		A0231A545C5BFBDD00ECC71F /* Pods */ = {
			isa = PBXGroup;
			children = (
				EAE6993E6F407BFBE150CEBB /* Pods-LegalEagle.debug.xcconfig */,
				5A93B1FD627F055F2077BBB3 /* Pods-LegalEagle.release.xcconfig */,
			);
			path = Pods;
			sourceTree = "<group>";
		};
		D60AB2A662079AC7AD2CA2E1 /* Frameworks */ = {
			isa = PBXGroup;
			children = (
				93F5D875BA220EDAB5C5B16E /* Pods_LegalEagle.framework */,
			);
			name = Frameworks;
			sourceTree = "<group>";
		};
		EE1A70642B0B43950086408A /* App */ = {
			isa = PBXGroup;
			children = (
				EEC25C9B2B0B42200038DBBB /* AppDelegate.swift */,
				EEC25C9D2B0B42200038DBBB /* SceneDelegate.swift */,
			);
			path = App;
			sourceTree = "<group>";
		};
		EE1A70652B0B43A10086408A /* Models */ = {
			isa = PBXGroup;
			children = (
				A566F9EC2B1C5942003754A1 /* NetworkModel.swift */,
				A566F9FC2B1C5CBF003754A1 /* TextGenerationOutput.swift */,
			);
			path = Models;
			sourceTree = "<group>";
		};
		EE1A70662B0B43B70086408A /* Scenes */ = {
			isa = PBXGroup;
			children = (
				EE1A70682B0B43E30086408A /* HomeViewController.swift */,
			);
			path = Scenes;
			sourceTree = "<group>";
		};
		EE1A706A2B0B44000086408A /* Utils */ = {
			isa = PBXGroup;
			children = (
				EEB1A3842B104E7D007EFD17 /* LegalEagleCollections */,
				EE1A706B2B0B440D0086408A /* Extensions */,
			);
			path = Utils;
			sourceTree = "<group>";
		};
		EE1A706B2B0B440D0086408A /* Extensions */ = {
			isa = PBXGroup;
			children = (
				EE1A706C2B0B441E0086408A /* UIView+.swift */,
				EE1A706E2B0B44520086408A /* UIColor+.swift */,
				EEB1A37B2B104B66007EFD17 /* UIFont+.swift */,
			);
			path = Extensions;
			sourceTree = "<group>";
		};
		EEB1A3732B104B0B007EFD17 /* Resources */ = {
			isa = PBXGroup;
			children = (
				EEB1A3742B104B15007EFD17 /* Fonts */,
			);
			path = Resources;
			sourceTree = "<group>";
		};
		EEB1A3742B104B15007EFD17 /* Fonts */ = {
			isa = PBXGroup;
			children = (
				EEB1A37D2B104BB2007EFD17 /* Pretendard-SemiBold.otf */,
				EEB1A3772B104B49007EFD17 /* Pretendard-Bold.otf */,
				EEB1A3782B104B49007EFD17 /* Pretendard-Regular.otf */,
			);
			path = Fonts;
			sourceTree = "<group>";
		};
		EEB1A3842B104E7D007EFD17 /* LegalEagleCollections */ = {
			isa = PBXGroup;
			children = (
				EEB1A3852B104E8E007EFD17 /* LegalEagleImageCollection.swift */,
			);
			path = LegalEagleCollections;
			sourceTree = "<group>";
		};
		EEC25C8F2B0B42200038DBBB = {
			isa = PBXGroup;
			children = (
				EEC25C9A2B0B42200038DBBB /* LegalEagle */,
				EEC25C992B0B42200038DBBB /* Products */,
				A0231A545C5BFBDD00ECC71F /* Pods */,
				D60AB2A662079AC7AD2CA2E1 /* Frameworks */,
			);
			sourceTree = "<group>";
		};
		EEC25C992B0B42200038DBBB /* Products */ = {
			isa = PBXGroup;
			children = (
				EEC25C982B0B42200038DBBB /* LegalEagle.app */,
			);
			name = Products;
			sourceTree = "<group>";
		};
		EEC25C9A2B0B42200038DBBB /* LegalEagle */ = {
			isa = PBXGroup;
			children = (
				EEB1A3732B104B0B007EFD17 /* Resources */,
				EE1A706A2B0B44000086408A /* Utils */,
				EE1A70642B0B43950086408A /* App */,
				EE1A70652B0B43A10086408A /* Models */,
				EE1A70662B0B43B70086408A /* Scenes */,
				EEC25CA42B0B42210038DBBB /* Assets.xcassets */,
				EEC25CA62B0B42210038DBBB /* LaunchScreen.storyboard */,
				EE8D8ABD2B1C62BC00394931 /* LegalEagle-LaunchScreen-Logo.png */,
				EE8D8AB62B1C61C200394931 /* LegalEagle-LaunchScreen-Background.png */,
				EEC25CA92B0B42210038DBBB /* Info.plist */,
			);
			path = LegalEagle;
			sourceTree = "<group>";
		};
/* End PBXGroup section */

/* Begin PBXNativeTarget section */
		EEC25C972B0B42200038DBBB /* LegalEagle */ = {
			isa = PBXNativeTarget;
			buildConfigurationList = EEC25CAC2B0B42210038DBBB /* Build configuration list for PBXNativeTarget "LegalEagle" */;
			buildPhases = (
				E321725887E89F0FC7595F44 /* [CP] Check Pods Manifest.lock */,
				EEC25C942B0B42200038DBBB /* Sources */,
				EEC25C952B0B42200038DBBB /* Frameworks */,
				EEC25C962B0B42200038DBBB /* Resources */,
				76D8BDB0FA9B574635DC79DA /* [CP] Embed Pods Frameworks */,
			);
			buildRules = (
			);
			dependencies = (
			);
			name = LegalEagle;
			productName = LegalEagle;
			productReference = EEC25C982B0B42200038DBBB /* LegalEagle.app */;
			productType = "com.apple.product-type.application";
		};
/* End PBXNativeTarget section */

/* Begin PBXProject section */
		EEC25C902B0B42200038DBBB /* Project object */ = {
			isa = PBXProject;
			attributes = {
				BuildIndependentTargetsInParallel = 1;
				LastSwiftUpdateCheck = 1500;
				LastUpgradeCheck = 1500;
				TargetAttributes = {
					EEC25C972B0B42200038DBBB = {
						CreatedOnToolsVersion = 15.0.1;
					};
				};
			};
			buildConfigurationList = EEC25C932B0B42200038DBBB /* Build configuration list for PBXProject "LegalEagle" */;
			compatibilityVersion = "Xcode 14.0";
			developmentRegion = en;
			hasScannedForEncodings = 0;
			knownRegions = (
				en,
				Base,
			);
			mainGroup = EEC25C8F2B0B42200038DBBB;
			productRefGroup = EEC25C992B0B42200038DBBB /* Products */;
			projectDirPath = "";
			projectRoot = "";
			targets = (
				EEC25C972B0B42200038DBBB /* LegalEagle */,
			);
		};
/* End PBXProject section */

/* Begin PBXResourcesBuildPhase section */
		EEC25C962B0B42200038DBBB /* Resources */ = {
			isa = PBXResourcesBuildPhase;
			buildActionMask = 2147483647;
			files = (
				EE8D8ABF2B1C62BC00394931 /* LegalEagle-LaunchScreen-Logo.png in Resources */,
				EEC25CA82B0B42210038DBBB /* LaunchScreen.storyboard in Resources */,
				EEB1A3792B104B49007EFD17 /* Pretendard-Bold.otf in Resources */,
				EEB1A37A2B104B49007EFD17 /* Pretendard-Regular.otf in Resources */,
				EE8D8AB72B1C61C200394931 /* LegalEagle-LaunchScreen-Background.png in Resources */,
				EEB1A37E2B104BB2007EFD17 /* Pretendard-SemiBold.otf in Resources */,
				EEC25CA52B0B42210038DBBB /* Assets.xcassets in Resources */,
			);
			runOnlyForDeploymentPostprocessing = 0;
		};
/* End PBXResourcesBuildPhase section */

/* Begin PBXShellScriptBuildPhase section */
		76D8BDB0FA9B574635DC79DA /* [CP] Embed Pods Frameworks */ = {
			isa = PBXShellScriptBuildPhase;
			buildActionMask = 2147483647;
			files = (
			);
			inputFileListPaths = (
				"${PODS_ROOT}/Target Support Files/Pods-LegalEagle/Pods-LegalEagle-frameworks-${CONFIGURATION}-input-files.xcfilelist",
			);
			name = "[CP] Embed Pods Frameworks";
			outputFileListPaths = (
				"${PODS_ROOT}/Target Support Files/Pods-LegalEagle/Pods-LegalEagle-frameworks-${CONFIGURATION}-output-files.xcfilelist",
			);
			runOnlyForDeploymentPostprocessing = 0;
			shellPath = /bin/sh;
			shellScript = "\"${PODS_ROOT}/Target Support Files/Pods-LegalEagle/Pods-LegalEagle-frameworks.sh\"\n";
			showEnvVarsInLog = 0;
		};
		E321725887E89F0FC7595F44 /* [CP] Check Pods Manifest.lock */ = {
			isa = PBXShellScriptBuildPhase;
			buildActionMask = 2147483647;
			files = (
			);
			inputFileListPaths = (
			);
			inputPaths = (
				"${PODS_PODFILE_DIR_PATH}/Podfile.lock",
				"${PODS_ROOT}/Manifest.lock",
			);
			name = "[CP] Check Pods Manifest.lock";
			outputFileListPaths = (
			);
			outputPaths = (
				"$(DERIVED_FILE_DIR)/Pods-LegalEagle-checkManifestLockResult.txt",
			);
			runOnlyForDeploymentPostprocessing = 0;
			shellPath = /bin/sh;
			shellScript = "diff \"${PODS_PODFILE_DIR_PATH}/Podfile.lock\" \"${PODS_ROOT}/Manifest.lock\" > /dev/null\nif [ $? != 0 ] ; then\n    # print error to STDERR\n    echo \"error: The sandbox is not in sync with the Podfile.lock. Run 'pod install' or update your CocoaPods installation.\" >&2\n    exit 1\nfi\n# This output is used by Xcode 'outputs' to avoid re-running this script phase.\necho \"SUCCESS\" > \"${SCRIPT_OUTPUT_FILE_0}\"\n";
			showEnvVarsInLog = 0;
		};
/* End PBXShellScriptBuildPhase section */

/* Begin PBXSourcesBuildPhase section */
		EEC25C942B0B42200038DBBB /* Sources */ = {
			isa = PBXSourcesBuildPhase;
			buildActionMask = 2147483647;
			files = (
				EEC25C9C2B0B42200038DBBB /* AppDelegate.swift in Sources */,
				EEC25C9E2B0B42200038DBBB /* SceneDelegate.swift in Sources */,
				A566F9ED2B1C5942003754A1 /* NetworkModel.swift in Sources */,
				A566F9FD2B1C5CBF003754A1 /* TextGenerationOutput.swift in Sources */,
				EEB1A37C2B104B66007EFD17 /* UIFont+.swift in Sources */,
				EE1A70692B0B43E30086408A /* HomeViewController.swift in Sources */,
				EE1A706D2B0B441E0086408A /* UIView+.swift in Sources */,
				EE1A706F2B0B44520086408A /* UIColor+.swift in Sources */,
				EEB1A3862B104E8F007EFD17 /* LegalEagleImageCollection.swift in Sources */,
			);
			runOnlyForDeploymentPostprocessing = 0;
		};
/* End PBXSourcesBuildPhase section */

/* Begin PBXVariantGroup section */
		EEC25CA62B0B42210038DBBB /* LaunchScreen.storyboard */ = {
			isa = PBXVariantGroup;
			children = (
				EEC25CA72B0B42210038DBBB /* Base */,
			);
			name = LaunchScreen.storyboard;
			sourceTree = "<group>";
		};
/* End PBXVariantGroup section */

/* Begin XCBuildConfiguration section */
		EEC25CAA2B0B42210038DBBB /* Debug */ = {
			isa = XCBuildConfiguration;
			buildSettings = {
				ALWAYS_SEARCH_USER_PATHS = NO;
				ASSETCATALOG_COMPILER_GENERATE_SWIFT_ASSET_SYMBOL_EXTENSIONS = YES;
				CLANG_ANALYZER_NONNULL = YES;
				CLANG_ANALYZER_NUMBER_OBJECT_CONVERSION = YES_AGGRESSIVE;
				CLANG_CXX_LANGUAGE_STANDARD = "gnu++20";
				CLANG_ENABLE_MODULES = YES;
				CLANG_ENABLE_OBJC_ARC = YES;
				CLANG_ENABLE_OBJC_WEAK = YES;
				CLANG_WARN_BLOCK_CAPTURE_AUTORELEASING = YES;
				CLANG_WARN_BOOL_CONVERSION = YES;
				CLANG_WARN_COMMA = YES;
				CLANG_WARN_CONSTANT_CONVERSION = YES;
				CLANG_WARN_DEPRECATED_OBJC_IMPLEMENTATIONS = YES;
				CLANG_WARN_DIRECT_OBJC_ISA_USAGE = YES_ERROR;
				CLANG_WARN_DOCUMENTATION_COMMENTS = YES;
				CLANG_WARN_EMPTY_BODY = YES;
				CLANG_WARN_ENUM_CONVERSION = YES;
				CLANG_WARN_INFINITE_RECURSION = YES;
				CLANG_WARN_INT_CONVERSION = YES;
				CLANG_WARN_NON_LITERAL_NULL_CONVERSION = YES;
				CLANG_WARN_OBJC_IMPLICIT_RETAIN_SELF = YES;
				CLANG_WARN_OBJC_LITERAL_CONVERSION = YES;
				CLANG_WARN_OBJC_ROOT_CLASS = YES_ERROR;
				CLANG_WARN_QUOTED_INCLUDE_IN_FRAMEWORK_HEADER = YES;
				CLANG_WARN_RANGE_LOOP_ANALYSIS = YES;
				CLANG_WARN_STRICT_PROTOTYPES = YES;
				CLANG_WARN_SUSPICIOUS_MOVE = YES;
				CLANG_WARN_UNGUARDED_AVAILABILITY = YES_AGGRESSIVE;
				CLANG_WARN_UNREACHABLE_CODE = YES;
				CLANG_WARN__DUPLICATE_METHOD_MATCH = YES;
				COPY_PHASE_STRIP = NO;
				DEBUG_INFORMATION_FORMAT = dwarf;
				ENABLE_STRICT_OBJC_MSGSEND = YES;
				ENABLE_TESTABILITY = YES;
				ENABLE_USER_SCRIPT_SANDBOXING = NO;
				GCC_C_LANGUAGE_STANDARD = gnu17;
				GCC_DYNAMIC_NO_PIC = NO;
				GCC_NO_COMMON_BLOCKS = YES;
				GCC_OPTIMIZATION_LEVEL = 0;
				GCC_PREPROCESSOR_DEFINITIONS = (
					"DEBUG=1",
					"$(inherited)",
				);
				GCC_WARN_64_TO_32_BIT_CONVERSION = YES;
				GCC_WARN_ABOUT_RETURN_TYPE = YES_ERROR;
				GCC_WARN_UNDECLARED_SELECTOR = YES;
				GCC_WARN_UNINITIALIZED_AUTOS = YES_AGGRESSIVE;
				GCC_WARN_UNUSED_FUNCTION = YES;
				GCC_WARN_UNUSED_VARIABLE = YES;
				IPHONEOS_DEPLOYMENT_TARGET = 17.0;
				LOCALIZATION_PREFERS_STRING_CATALOGS = YES;
				MTL_ENABLE_DEBUG_INFO = INCLUDE_SOURCE;
				MTL_FAST_MATH = YES;
				ONLY_ACTIVE_ARCH = YES;
				SDKROOT = iphoneos;
				SWIFT_ACTIVE_COMPILATION_CONDITIONS = "DEBUG $(inherited)";
				SWIFT_OPTIMIZATION_LEVEL = "-Onone";
			};
			name = Debug;
		};
		EEC25CAB2B0B42210038DBBB /* Release */ = {
			isa = XCBuildConfiguration;
			buildSettings = {
				ALWAYS_SEARCH_USER_PATHS = NO;
				ASSETCATALOG_COMPILER_GENERATE_SWIFT_ASSET_SYMBOL_EXTENSIONS = YES;
				CLANG_ANALYZER_NONNULL = YES;
				CLANG_ANALYZER_NUMBER_OBJECT_CONVERSION = YES_AGGRESSIVE;
				CLANG_CXX_LANGUAGE_STANDARD = "gnu++20";
				CLANG_ENABLE_MODULES = YES;
				CLANG_ENABLE_OBJC_ARC = YES;
				CLANG_ENABLE_OBJC_WEAK = YES;
				CLANG_WARN_BLOCK_CAPTURE_AUTORELEASING = YES;
				CLANG_WARN_BOOL_CONVERSION = YES;
				CLANG_WARN_COMMA = YES;
				CLANG_WARN_CONSTANT_CONVERSION = YES;
				CLANG_WARN_DEPRECATED_OBJC_IMPLEMENTATIONS = YES;
				CLANG_WARN_DIRECT_OBJC_ISA_USAGE = YES_ERROR;
				CLANG_WARN_DOCUMENTATION_COMMENTS = YES;
				CLANG_WARN_EMPTY_BODY = YES;
				CLANG_WARN_ENUM_CONVERSION = YES;
				CLANG_WARN_INFINITE_RECURSION = YES;
				CLANG_WARN_INT_CONVERSION = YES;
				CLANG_WARN_NON_LITERAL_NULL_CONVERSION = YES;
				CLANG_WARN_OBJC_IMPLICIT_RETAIN_SELF = YES;
				CLANG_WARN_OBJC_LITERAL_CONVERSION = YES;
				CLANG_WARN_OBJC_ROOT_CLASS = YES_ERROR;
				CLANG_WARN_QUOTED_INCLUDE_IN_FRAMEWORK_HEADER = YES;
				CLANG_WARN_RANGE_LOOP_ANALYSIS = YES;
				CLANG_WARN_STRICT_PROTOTYPES = YES;
				CLANG_WARN_SUSPICIOUS_MOVE = YES;
				CLANG_WARN_UNGUARDED_AVAILABILITY = YES_AGGRESSIVE;
				CLANG_WARN_UNREACHABLE_CODE = YES;
				CLANG_WARN__DUPLICATE_METHOD_MATCH = YES;
				COPY_PHASE_STRIP = NO;
				DEBUG_INFORMATION_FORMAT = "dwarf-with-dsym";
				ENABLE_NS_ASSERTIONS = NO;
				ENABLE_STRICT_OBJC_MSGSEND = YES;
				ENABLE_USER_SCRIPT_SANDBOXING = NO;
				GCC_C_LANGUAGE_STANDARD = gnu17;
				GCC_NO_COMMON_BLOCKS = YES;
				GCC_WARN_64_TO_32_BIT_CONVERSION = YES;
				GCC_WARN_ABOUT_RETURN_TYPE = YES_ERROR;
				GCC_WARN_UNDECLARED_SELECTOR = YES;
				GCC_WARN_UNINITIALIZED_AUTOS = YES_AGGRESSIVE;
				GCC_WARN_UNUSED_FUNCTION = YES;
				GCC_WARN_UNUSED_VARIABLE = YES;
				IPHONEOS_DEPLOYMENT_TARGET = 17.0;
				LOCALIZATION_PREFERS_STRING_CATALOGS = YES;
				MTL_ENABLE_DEBUG_INFO = NO;
				MTL_FAST_MATH = YES;
				SDKROOT = iphoneos;
				SWIFT_COMPILATION_MODE = wholemodule;
				VALIDATE_PRODUCT = YES;
			};
			name = Release;
		};
		EEC25CAD2B0B42210038DBBB /* Debug */ = {
			isa = XCBuildConfiguration;
			baseConfigurationReference = EAE6993E6F407BFBE150CEBB /* Pods-LegalEagle.debug.xcconfig */;
			buildSettings = {
				ASSETCATALOG_COMPILER_APPICON_NAME = AppIcon;
				ASSETCATALOG_COMPILER_GLOBAL_ACCENT_COLOR_NAME = AccentColor;
				CODE_SIGN_STYLE = Automatic;
				CURRENT_PROJECT_VERSION = 1;
				DEVELOPMENT_TEAM = B2XR5545F7;
				GENERATE_INFOPLIST_FILE = YES;
				INFOPLIST_FILE = LegalEagle/Info.plist;
				INFOPLIST_KEY_UIApplicationSupportsIndirectInputEvents = YES;
				INFOPLIST_KEY_UILaunchStoryboardName = LaunchScreen;
				INFOPLIST_KEY_UIStatusBarStyle = "";
				INFOPLIST_KEY_UISupportedInterfaceOrientations_iPad = "UIInterfaceOrientationPortrait UIInterfaceOrientationPortraitUpsideDown UIInterfaceOrientationLandscapeLeft UIInterfaceOrientationLandscapeRight";
				INFOPLIST_KEY_UISupportedInterfaceOrientations_iPhone = "UIInterfaceOrientationPortrait UIInterfaceOrientationLandscapeLeft UIInterfaceOrientationLandscapeRight";
				LD_RUNPATH_SEARCH_PATHS = (
					"$(inherited)",
					"@executable_path/Frameworks",
				);
				MARKETING_VERSION = 1.0;
				PRODUCT_BUNDLE_IDENTIFIER = com.bmlee.LegalEagle;
				PRODUCT_NAME = "$(TARGET_NAME)";
				SWIFT_EMIT_LOC_STRINGS = YES;
				SWIFT_VERSION = 5.0;
				TARGETED_DEVICE_FAMILY = "1,2";
			};
			name = Debug;
		};
		EEC25CAE2B0B42210038DBBB /* Release */ = {
			isa = XCBuildConfiguration;
			baseConfigurationReference = 5A93B1FD627F055F2077BBB3 /* Pods-LegalEagle.release.xcconfig */;
			buildSettings = {
				ASSETCATALOG_COMPILER_APPICON_NAME = AppIcon;
				ASSETCATALOG_COMPILER_GLOBAL_ACCENT_COLOR_NAME = AccentColor;
				CODE_SIGN_STYLE = Automatic;
				CURRENT_PROJECT_VERSION = 1;
				DEVELOPMENT_TEAM = B2XR5545F7;
				GENERATE_INFOPLIST_FILE = YES;
				INFOPLIST_FILE = LegalEagle/Info.plist;
				INFOPLIST_KEY_UIApplicationSupportsIndirectInputEvents = YES;
				INFOPLIST_KEY_UILaunchStoryboardName = LaunchScreen;
				INFOPLIST_KEY_UIStatusBarStyle = "";
				INFOPLIST_KEY_UISupportedInterfaceOrientations_iPad = "UIInterfaceOrientationPortrait UIInterfaceOrientationPortraitUpsideDown UIInterfaceOrientationLandscapeLeft UIInterfaceOrientationLandscapeRight";
				INFOPLIST_KEY_UISupportedInterfaceOrientations_iPhone = "UIInterfaceOrientationPortrait UIInterfaceOrientationLandscapeLeft UIInterfaceOrientationLandscapeRight";
				LD_RUNPATH_SEARCH_PATHS = (
					"$(inherited)",
					"@executable_path/Frameworks",
				);
				MARKETING_VERSION = 1.0;
				PRODUCT_BUNDLE_IDENTIFIER = com.bmlee.LegalEagle;
				PRODUCT_NAME = "$(TARGET_NAME)";
				SWIFT_EMIT_LOC_STRINGS = YES;
				SWIFT_VERSION = 5.0;
				TARGETED_DEVICE_FAMILY = "1,2";
			};
			name = Release;
		};
/* End XCBuildConfiguration section */

/* Begin XCConfigurationList section */
		EEC25C932B0B42200038DBBB /* Build configuration list for PBXProject "LegalEagle" */ = {
			isa = XCConfigurationList;
			buildConfigurations = (
				EEC25CAA2B0B42210038DBBB /* Debug */,
				EEC25CAB2B0B42210038DBBB /* Release */,
			);
			defaultConfigurationIsVisible = 0;
			defaultConfigurationName = Release;
		};
		EEC25CAC2B0B42210038DBBB /* Build configuration list for PBXNativeTarget "LegalEagle" */ = {
			isa = XCConfigurationList;
			buildConfigurations = (
				EEC25CAD2B0B42210038DBBB /* Debug */,
				EEC25CAE2B0B42210038DBBB /* Release */,
			);
			defaultConfigurationIsVisible = 0;
			defaultConfigurationName = Release;
		};
/* End XCConfigurationList section */
	};
	rootObject = EEC25C902B0B42200038DBBB /* Project object */;
}
